
Microsoft Visual Studio Solution File, Format Version 12.00
# Visual Studio 15
VisualStudioVersion = 15.0.27004.2005
MinimumVisualStudioVersion = 10.0.40219.1
Project("{FAE04EC0-301F-11D3-BF4B-00C04F79EFBC}") = "Train.WebAPI", "Train.WebAPI\Train.WebAPI.csproj", "{2F6FF1E0-8DF4-4A3D-B4BA-B66B7951B1E0}"
EndProject
Project("{FAE04EC0-301F-11D3-BF4B-00C04F79EFBC}") = "Train.WebAPI.Tests", "Train.WebAPI.Tests\Train.WebAPI.Tests.csproj", "{6B049647-9F7D-40D4-BC87-837E576111A0}"
EndProject
Project("{FAE04EC0-301F-11D3-BF4B-00C04F79EFBC}") = "Train.WebAPI.SelfHost", "Train.WebAPI.SelfHost\Train.WebAPI.SelfHost.csproj", "{163884BC-D1DD-4F4D-AEC9-D8A3F0E4142E}"
EndProject
Global
	GlobalSection(SolutionConfigurationPlatforms) = preSolution
		Debug|Any CPU = Debug|Any CPU
		Release|Any CPU = Release|Any CPU
	EndGlobalSection
	GlobalSection(ProjectConfigurationPlatforms) = postSolution
		{2F6FF1E0-8DF4-4A3D-B4BA-B66B7951B1E0}.Debug|Any CPU.ActiveCfg = Debug|Any CPU
		{2F6FF1E0-8DF4-4A3D-B4BA-B66B7951B1E0}.Debug|Any CPU.Build.0 = Debug|Any CPU
		{2F6FF1E0-8DF4-4A3D-B4BA-B66B7951B1E0}.Release|Any CPU.ActiveCfg = Release|Any CPU
		{2F6FF1E0-8DF4-4A3D-B4BA-B66B7951B1E0}.Release|Any CPU.Build.0 = Release|Any CPU
		{6B049647-9F7D-40D4-BC87-837E576111A0}.Debug|Any CPU.ActiveCfg = Debug|Any CPU
		{6B049647-9F7D-40D4-BC87-837E576111A0}.Debug|Any CPU.Build.0 = Debug|Any CPU
		{6B049647-9F7D-40D4-BC87-837E576111A0}.Release|Any CPU.ActiveCfg = Release|Any CPU
		{6B049647-9F7D-40D4-BC87-837E576111A0}.Release|Any CPU.Build.0 = Release|Any CPU
		{163884BC-D1DD-4F4D-AEC9-D8A3F0E4142E}.Debug|Any CPU.ActiveCfg = Debug|Any CPU
		{163884BC-D1DD-4F4D-AEC9-D8A3F0E4142E}.Debug|Any CPU.Build.0 = Debug|Any CPU
		{163884BC-D1DD-4F4D-AEC9-D8A3F0E4142E}.Release|Any CPU.ActiveCfg = Release|Any CPU
		{163884BC-D1DD-4F4D-AEC9-D8A3F0E4142E}.Release|Any CPU.Build.0 = Release|Any CPU
	EndGlobalSection
	GlobalSection(SolutionProperties) = preSolution
		HideSolutionNode = FALSE
	EndGlobalSection
	GlobalSection(ExtensibilityGlobals) = postSolution
		SolutionGuid = {C6CC319B-F9C3-4906-8480-0677556F536E}
	EndGlobalSection
EndGlobal
